
Microsoft Visual Studio Solution File, Format Version 12.00
# Visual Studio Version 16
VisualStudioVersion = 16.0.31112.23
MinimumVisualStudioVersion = 10.0.40219.1
Project("{FAE04EC0-301F-11D3-BF4B-00C04F79EFBC}") = "Example1.RazorApp.IndividualAccounts", "Example1.RazorApp.IndividualAccounts\Example1.RazorApp.IndividualAccounts.csproj", "{C1FE6FB6-735D-453C-9434-E0090156C8E4}"
EndProject
Global
	GlobalSection(SolutionConfigurationPlatforms) = preSolution
		Debug|Any CPU = Debug|Any CPU
		Release|Any CPU = Release|Any CPU
	EndGlobalSection
	GlobalSection(ProjectConfigurationPlatforms) = postSolution
		{C1FE6FB6-735D-453C-9434-E0090156C8E4}.Debug|Any CPU.ActiveCfg = Debug|Any CPU
		{C1FE6FB6-735D-453C-9434-E0090156C8E4}.Debug|Any CPU.Build.0 = Debug|Any CPU
		{C1FE6FB6-735D-453C-9434-E0090156C8E4}.Release|Any CPU.ActiveCfg = Release|Any CPU
		{C1FE6FB6-735D-453C-9434-E0090156C8E4}.Release|Any CPU.Build.0 = Release|Any CPU
	EndGlobalSection
	GlobalSection(SolutionProperties) = preSolution
		HideSolutionNode = FALSE
	EndGlobalSection
	GlobalSection(ExtensibilityGlobals) = postSolution
		SolutionGuid = {B78C98E1-428A-4485-9849-8DD823CFF4CE}
	EndGlobalSection
EndGlobal
